
Microsoft Visual Studio Solution File, Format Version 12.00
# Visual Studio Version 17
VisualStudioVersion = 17.2.32630.192
MinimumVisualStudioVersion = 10.0.40219.1
Project("{8BC9CEB8-8B4A-11D0-8D11-00A0C91BC942}") = "CppSdlTest", "CppSdl\CppSdlTest.vcxproj", "{52F53AFE-EA7B-4BAA-ADA3-0D3C32F24554}"
EndProject
Project("{8BC9CEB8-8B4A-11D0-8D11-00A0C91BC942}") = "Algebra", "Algebra\Algebra.vcxproj", "{1A3FE367-E289-4EA7-B410-4227E2089041}"
EndProject
Global
	GlobalSection(SolutionConfigurationPlatforms) = preSolution
		Debug|x64 = Debug|x64
		Debug|x86 = Debug|x86
		Release|x64 = Release|x64
		Release|x86 = Release|x86
	EndGlobalSection
	GlobalSection(ProjectConfigurationPlatforms) = postSolution
		{52F53AFE-EA7B-4BAA-ADA3-0D3C32F24554}.Debug|x64.ActiveCfg = Debug|x64
		{52F53AFE-EA7B-4BAA-ADA3-0D3C32F24554}.Debug|x64.Build.0 = Debug|x64
		{52F53AFE-EA7B-4BAA-ADA3-0D3C32F24554}.Debug|x86.ActiveCfg = Debug|Win32
		{52F53AFE-EA7B-4BAA-ADA3-0D3C32F24554}.Debug|x86.Build.0 = Debug|Win32
		{52F53AFE-EA7B-4BAA-ADA3-0D3C32F24554}.Release|x64.ActiveCfg = Release|x64
		{52F53AFE-EA7B-4BAA-ADA3-0D3C32F24554}.Release|x64.Build.0 = Release|x64
		{52F53AFE-EA7B-4BAA-ADA3-0D3C32F24554}.Release|x86.ActiveCfg = Release|Win32
		{52F53AFE-EA7B-4BAA-ADA3-0D3C32F24554}.Release|x86.Build.0 = Release|Win32
		{1A3FE367-E289-4EA7-B410-4227E2089041}.Debug|x64.ActiveCfg = Debug|x64
		{1A3FE367-E289-4EA7-B410-4227E2089041}.Debug|x64.Build.0 = Debug|x64
		{1A3FE367-E289-4EA7-B410-4227E2089041}.Debug|x86.ActiveCfg = Debug|Win32
		{1A3FE367-E289-4EA7-B410-4227E2089041}.Debug|x86.Build.0 = Debug|Win32
		{1A3FE367-E289-4EA7-B410-4227E2089041}.Release|x64.ActiveCfg = Release|x64
		{1A3FE367-E289-4EA7-B410-4227E2089041}.Release|x64.Build.0 = Release|x64
		{1A3FE367-E289-4EA7-B410-4227E2089041}.Release|x86.ActiveCfg = Release|Win32
		{1A3FE367-E289-4EA7-B410-4227E2089041}.Release|x86.Build.0 = Release|Win32
	EndGlobalSection
	GlobalSection(SolutionProperties) = preSolution
		HideSolutionNode = FALSE
	EndGlobalSection
	GlobalSection(ExtensibilityGlobals) = postSolution
		SolutionGuid = {64A1FEF6-69C2-45B2-A4A9-2559F040EC4F}
	EndGlobalSection
EndGlobal
